{
  "lockfileVersion": 1,
  "configVersion": 0,
  "workspaces": {
    "": {
      "name": "varde",
      "devDependencies": {
        "@biomejs/biome": "2.4.6",
        "@types/bun": "^1.3.10",
      },
      "peerDependencies": {
        "typescript": "^5.9.3",
      },
    },
    "docs": {
      "name": "@varde/docs",
      "version": "0.0.0",
      "dependencies": {
        "@varde/css": "workspace:*",
        "@varde/tokens": "workspace:*",
        "hono": "^4.12.4",
      },
      "devDependencies": {
        "@types/bun": "latest",
      },
    },
    "packages/css": {
      "name": "@varde/css",
      "version": "0.0.1",
      "dependencies": {
        "lightningcss": "1.32.0",
      },
      "devDependencies": {
        "@biomejs/biome": "catalog:",
        "@types/bun": "latest",
      },
    },
    "packages/static": {
      "name": "@varde/static",
      "version": "0.0.1",
    },
    "packages/tokens": {
      "name": "@varde/tokens",
      "version": "0.0.1",
      "dependencies": {
        "lightningcss": "^1.31.1",
      },
      "devDependencies": {
        "@biomejs/biome": "catalog:",
        "@terrazzo/cli": "2.0.0-beta.6",
        "@terrazzo/plugin-css": "2.0.0-beta.6",
        "typescript": "catalog:",
      },
    },
  },
  "catalog": {
    "@biomejs/biome": "2.4.3",
    "@types/bun": "latest",
    "typescript": "^5.9.3",
  },
  "packages": {
    "@biomejs/biome": ["@biomejs/biome@2.4.6", "", { "optionalDependencies": { "@biomejs/cli-darwin-arm64": "2.4.6", "@biomejs/cli-darwin-x64": "2.4.6", "@biomejs/cli-linux-arm64": "2.4.6", "@biomejs/cli-linux-arm64-musl": "2.4.6", "@biomejs/cli-linux-x64": "2.4.6", "@biomejs/cli-linux-x64-musl": "2.4.6", "@biomejs/cli-win32-arm64": "2.4.6", "@biomejs/cli-win32-x64": "2.4.6" }, "bin": { "biome": "bin/biome" } }, "sha512-QnHe81PMslpy3mnpL8DnO2M4S4ZnYPkjlGCLWBZT/3R9M6b5daArWMMtEfP52/n174RKnwRIf3oT8+wc9ihSfQ=="],

    "@biomejs/cli-darwin-arm64": ["@biomejs/cli-darwin-arm64@2.4.6", "", { "os": "darwin", "cpu": "arm64" }, "sha512-NW18GSyxr+8sJIqgoGwVp5Zqm4SALH4b4gftIA0n62PTuBs6G2tHlwNAOj0Vq0KKSs7Sf88VjjmHh0O36EnzrQ=="],

    "@biomejs/cli-darwin-x64": ["@biomejs/cli-darwin-x64@2.4.6", "", { "os": "darwin", "cpu": "x64" }, "sha512-4uiE/9tuI7cnjtY9b07RgS7gGyYOAfIAGeVJWEfeCnAarOAS7qVmuRyX6d7JTKw28/mt+rUzMasYeZ+0R/U1Mw=="],

    "@biomejs/cli-linux-arm64": ["@biomejs/cli-linux-arm64@2.4.6", "", { "os": "linux", "cpu": "arm64" }, "sha512-kMLaI7OF5GN1Q8Doymjro1P8rVEoy7BKQALNz6fiR8IC1WKduoNyteBtJlHT7ASIL0Cx2jR6VUOBIbcB1B8pew=="],

    "@biomejs/cli-linux-arm64-musl": ["@biomejs/cli-linux-arm64-musl@2.4.6", "", { "os": "linux", "cpu": "arm64" }, "sha512-F/JdB7eN22txiTqHM5KhIVt0jVkzZwVYrdTR1O3Y4auBOQcXxHK4dxULf4z43QyZI5tsnQJrRBHZy7wwtL+B3A=="],

    "@biomejs/cli-linux-x64": ["@biomejs/cli-linux-x64@2.4.6", "", { "os": "linux", "cpu": "x64" }, "sha512-oHXmUFEoH8Lql1xfc3QkFLiC1hGR7qedv5eKNlC185or+o4/4HiaU7vYODAH3peRCfsuLr1g6v2fK9dFFOYdyw=="],

    "@biomejs/cli-linux-x64-musl": ["@biomejs/cli-linux-x64-musl@2.4.6", "", { "os": "linux", "cpu": "x64" }, "sha512-C9s98IPDu7DYarjlZNuzJKTjVHN03RUnmHV5htvqsx6vEUXCDSJ59DNwjKVD5XYoSS4N+BYhq3RTBAL8X6svEg=="],

    "@biomejs/cli-win32-arm64": ["@biomejs/cli-win32-arm64@2.4.6", "", { "os": "win32", "cpu": "arm64" }, "sha512-xzThn87Pf3YrOGTEODFGONmqXpTwUNxovQb72iaUOdcw8sBSY3+3WD8Hm9IhMYLnPi0n32s3L3NWU6+eSjfqFg=="],

    "@biomejs/cli-win32-x64": ["@biomejs/cli-win32-x64@2.4.6", "", { "os": "win32", "cpu": "x64" }, "sha512-7++XhnsPlr1HDbor5amovPjOH6vsrFOCdp93iKXhFn6bcMUI6soodj3WWKfgEO6JosKU1W5n3uky3WW9RlRjTg=="],

    "@clack/core": ["@clack/core@1.4.1", "", { "dependencies": { "fast-wrap-ansi": "^0.2.0", "sisteransi": "^1.0.5" } }, "sha512-FILJa1gGKEFTGZAJE9RpVhrjKz3c3h4ar60dSv6cGuDqufQ84YEIS3GAGvZiN+H6yaLbbvTFNejjCC4tXpZEuw=="],

    "@clack/prompts": ["@clack/prompts@1.5.1", "", { "dependencies": { "@clack/core": "1.4.1", "fast-string-width": "^3.0.2", "fast-wrap-ansi": "^0.2.0", "sisteransi": "^1.0.5" } }, "sha512-zccHj2z2oCCO4yrDiRSlFOxWerGqRiysP7a5jPK6uoI9URKAquwY42Dd/iUP8JWHxEzdRe4TlbvZCo8z1/mhrw=="],

    "@esbuild/aix-ppc64": ["@esbuild/aix-ppc64@0.27.7", "", { "os": "aix", "cpu": "ppc64" }, "sha512-EKX3Qwmhz1eMdEJokhALr0YiD0lhQNwDqkPYyPhiSwKrh7/4KRjQc04sZ8db+5DVVnZ1LmbNDI1uAMPEUBnQPg=="],

    "@esbuild/android-arm": ["@esbuild/android-arm@0.27.7", "", { "os": "android", "cpu": "arm" }, "sha512-jbPXvB4Yj2yBV7HUfE2KHe4GJX51QplCN1pGbYjvsyCZbQmies29EoJbkEc+vYuU5o45AfQn37vZlyXy4YJ8RQ=="],

    "@esbuild/android-arm64": ["@esbuild/android-arm64@0.27.7", "", { "os": "android", "cpu": "arm64" }, "sha512-62dPZHpIXzvChfvfLJow3q5dDtiNMkwiRzPylSCfriLvZeq0a1bWChrGx/BbUbPwOrsWKMn8idSllklzBy+dgQ=="],

    "@esbuild/android-x64": ["@esbuild/android-x64@0.27.7", "", { "os": "android", "cpu": "x64" }, "sha512-x5VpMODneVDb70PYV2VQOmIUUiBtY3D3mPBG8NxVk5CogneYhkR7MmM3yR/uMdITLrC1ml/NV1rj4bMJuy9MCg=="],

    "@esbuild/darwin-arm64": ["@esbuild/darwin-arm64@0.27.7", "", { "os": "darwin", "cpu": "arm64" }, "sha512-5lckdqeuBPlKUwvoCXIgI2D9/ABmPq3Rdp7IfL70393YgaASt7tbju3Ac+ePVi3KDH6N2RqePfHnXkaDtY9fkw=="],

    "@esbuild/darwin-x64": ["@esbuild/darwin-x64@0.27.7", "", { "os": "darwin", "cpu": "x64" }, "sha512-rYnXrKcXuT7Z+WL5K980jVFdvVKhCHhUwid+dDYQpH+qu+TefcomiMAJpIiC2EM3Rjtq0sO3StMV/+3w3MyyqQ=="],

    "@esbuild/freebsd-arm64": ["@esbuild/freebsd-arm64@0.27.7", "", { "os": "freebsd", "cpu": "arm64" }, "sha512-B48PqeCsEgOtzME2GbNM2roU29AMTuOIN91dsMO30t+Ydis3z/3Ngoj5hhnsOSSwNzS+6JppqWsuhTp6E82l2w=="],

    "@esbuild/freebsd-x64": ["@esbuild/freebsd-x64@0.27.7", "", { "os": "freebsd", "cpu": "x64" }, "sha512-jOBDK5XEjA4m5IJK3bpAQF9/Lelu/Z9ZcdhTRLf4cajlB+8VEhFFRjWgfy3M1O4rO2GQ/b2dLwCUGpiF/eATNQ=="],

    "@esbuild/linux-arm": ["@esbuild/linux-arm@0.27.7", "", { "os": "linux", "cpu": "arm" }, "sha512-RkT/YXYBTSULo3+af8Ib0ykH8u2MBh57o7q/DAs3lTJlyVQkgQvlrPTnjIzzRPQyavxtPtfg0EopvDyIt0j1rA=="],

    "@esbuild/linux-arm64": ["@esbuild/linux-arm64@0.27.7", "", { "os": "linux", "cpu": "arm64" }, "sha512-RZPHBoxXuNnPQO9rvjh5jdkRmVizktkT7TCDkDmQ0W2SwHInKCAV95GRuvdSvA7w4VMwfCjUiPwDi0ZO6Nfe9A=="],

    "@esbuild/linux-ia32": ["@esbuild/linux-ia32@0.27.7", "", { "os": "linux", "cpu": "ia32" }, "sha512-GA48aKNkyQDbd3KtkplYWT102C5sn/EZTY4XROkxONgruHPU72l+gW+FfF8tf2cFjeHaRbWpOYa/uRBz/Xq1Pg=="],

    "@esbuild/linux-loong64": ["@esbuild/linux-loong64@0.27.7", "", { "os": "linux", "cpu": "none" }, "sha512-a4POruNM2oWsD4WKvBSEKGIiWQF8fZOAsycHOt6JBpZ+JN2n2JH9WAv56SOyu9X5IqAjqSIPTaJkqN8F7XOQ5Q=="],

    "@esbuild/linux-mips64el": ["@esbuild/linux-mips64el@0.27.7", "", { "os": "linux", "cpu": "none" }, "sha512-KabT5I6StirGfIz0FMgl1I+R1H73Gp0ofL9A3nG3i/cYFJzKHhouBV5VWK1CSgKvVaG4q1RNpCTR2LuTVB3fIw=="],

    "@esbuild/linux-ppc64": ["@esbuild/linux-ppc64@0.27.7", "", { "os": "linux", "cpu": "ppc64" }, "sha512-gRsL4x6wsGHGRqhtI+ifpN/vpOFTQtnbsupUF5R5YTAg+y/lKelYR1hXbnBdzDjGbMYjVJLJTd2OFmMewAgwlQ=="],

    "@esbuild/linux-riscv64": ["@esbuild/linux-riscv64@0.27.7", "", { "os": "linux", "cpu": "none" }, "sha512-hL25LbxO1QOngGzu2U5xeXtxXcW+/GvMN3ejANqXkxZ/opySAZMrc+9LY/WyjAan41unrR3YrmtTsUpwT66InQ=="],

    "@esbuild/linux-s390x": ["@esbuild/linux-s390x@0.27.7", "", { "os": "linux", "cpu": "s390x" }, "sha512-2k8go8Ycu1Kb46vEelhu1vqEP+UeRVj2zY1pSuPdgvbd5ykAw82Lrro28vXUrRmzEsUV0NzCf54yARIK8r0fdw=="],

    "@esbuild/linux-x64": ["@esbuild/linux-x64@0.27.7", "", { "os": "linux", "cpu": "x64" }, "sha512-hzznmADPt+OmsYzw1EE33ccA+HPdIqiCRq7cQeL1Jlq2gb1+OyWBkMCrYGBJ+sxVzve2ZJEVeePbLM2iEIZSxA=="],

    "@esbuild/netbsd-arm64": ["@esbuild/netbsd-arm64@0.27.7", "", { "os": "none", "cpu": "arm64" }, "sha512-b6pqtrQdigZBwZxAn1UpazEisvwaIDvdbMbmrly7cDTMFnw/+3lVxxCTGOrkPVnsYIosJJXAsILG9XcQS+Yu6w=="],

    "@esbuild/netbsd-x64": ["@esbuild/netbsd-x64@0.27.7", "", { "os": "none", "cpu": "x64" }, "sha512-OfatkLojr6U+WN5EDYuoQhtM+1xco+/6FSzJJnuWiUw5eVcicbyK3dq5EeV/QHT1uy6GoDhGbFpprUiHUYggrw=="],

    "@esbuild/openbsd-arm64": ["@esbuild/openbsd-arm64@0.27.7", "", { "os": "openbsd", "cpu": "arm64" }, "sha512-AFuojMQTxAz75Fo8idVcqoQWEHIXFRbOc1TrVcFSgCZtQfSdc1RXgB3tjOn/krRHENUB4j00bfGjyl2mJrU37A=="],

    "@esbuild/openbsd-x64": ["@esbuild/openbsd-x64@0.27.7", "", { "os": "openbsd", "cpu": "x64" }, "sha512-+A1NJmfM8WNDv5CLVQYJ5PshuRm/4cI6WMZRg1by1GwPIQPCTs1GLEUHwiiQGT5zDdyLiRM/l1G0Pv54gvtKIg=="],

    "@esbuild/openharmony-arm64": ["@esbuild/openharmony-arm64@0.27.7", "", { "os": "none", "cpu": "arm64" }, "sha512-+KrvYb/C8zA9CU/g0sR6w2RBw7IGc5J2BPnc3dYc5VJxHCSF1yNMxTV5LQ7GuKteQXZtspjFbiuW5/dOj7H4Yw=="],

    "@esbuild/sunos-x64": ["@esbuild/sunos-x64@0.27.7", "", { "os": "sunos", "cpu": "x64" }, "sha512-ikktIhFBzQNt/QDyOL580ti9+5mL/YZeUPKU2ivGtGjdTYoqz6jObj6nOMfhASpS4GU4Q/Clh1QtxWAvcYKamA=="],

    "@esbuild/win32-arm64": ["@esbuild/win32-arm64@0.27.7", "", { "os": "win32", "cpu": "arm64" }, "sha512-7yRhbHvPqSpRUV7Q20VuDwbjW5kIMwTHpptuUzV+AA46kiPze5Z7qgt6CLCK3pWFrHeNfDd1VKgyP4O+ng17CA=="],

    "@esbuild/win32-ia32": ["@esbuild/win32-ia32@0.27.7", "", { "os": "win32", "cpu": "ia32" }, "sha512-SmwKXe6VHIyZYbBLJrhOoCJRB/Z1tckzmgTLfFYOfpMAx63BJEaL9ExI8x7v0oAO3Zh6D/Oi1gVxEYr5oUCFhw=="],

    "@esbuild/win32-x64": ["@esbuild/win32-x64@0.27.7", "", { "os": "win32", "cpu": "x64" }, "sha512-56hiAJPhwQ1R4i+21FVF7V8kSD5zZTdHcVuRFMW0hn753vVfQN8xlx4uOPT4xoGH0Z/oVATuR82AiqSTDIpaHg=="],

    "@hono/node-server": ["@hono/node-server@1.19.14", "", { "peerDependencies": { "hono": "^4" } }, "sha512-GwtvgtXxnWsucXvbQXkRgqksiH2Qed37H9xHZocE5sA3N8O8O8/8FA3uclQXxXVzc9XBZuEOMK7+r02FmSpHtw=="],

    "@humanwhocodes/momoa": ["@humanwhocodes/momoa@3.3.10", "", {}, "sha512-KWiFQpSAqEIyrTXko3hFNLeQvSK8zXlJQzhhxsyVn58WFRYXST99b3Nqnu+ttOtjds2Pl2grUHGpe2NzhPynuQ=="],

    "@rollup/rollup-android-arm-eabi": ["@rollup/rollup-android-arm-eabi@4.61.1", "", { "os": "android", "cpu": "arm" }, "sha512-JnBB8MdXj45cajvTuO5FmPlvFVJRQgvrz1uSEl3NwqFnReAPGwb8EanbGi4z2nRaqLzjJSv5/JmycoTKlRZxHA=="],

    "@rollup/rollup-android-arm64": ["@rollup/rollup-android-arm64@4.61.1", "", { "os": "android", "cpu": "arm64" }, "sha512-Jx2g7iSjw4AOT0HDPHM9RV3GNjRXwybWtSFZiZAYUTjUwjVrYIwq3kBf+LnhqJlzXFAqTAh2F7IGI+O568exPw=="],

    "@rollup/rollup-darwin-arm64": ["@rollup/rollup-darwin-arm64@4.61.1", "", { "os": "darwin", "cpu": "arm64" }, "sha512-0F1L/Z3Eqv8mT2n3dCpeO8GcTvHvVqkP5/t6DMsn0KzhYVcg+s7Ncl5DS8qjKYEeio6Az0Gt6nyBORay5qIlCA=="],

    "@rollup/rollup-darwin-x64": ["@rollup/rollup-darwin-x64@4.61.1", "", { "os": "darwin", "cpu": "x64" }, "sha512-qLttcH871ujY4YcVfUSShhOw+CsoTatYz8gRbHO7Bb92QH059/P0y5do1KMs41fY0BpD2x4AJH/gID0zFiqVKQ=="],

    "@rollup/rollup-freebsd-arm64": ["@rollup/rollup-freebsd-arm64@4.61.1", "", { "os": "freebsd", "cpu": "arm64" }, "sha512-fUI4RapGE0Oh3mb8mgfvC1O2nU1RpDZUKnDQm3xB1Ipg7C2wTs5Kstz7G2uWK99a8S2yTMq8/P4uycwNa0nJyw=="],

    "@rollup/rollup-freebsd-x64": ["@rollup/rollup-freebsd-x64@4.61.1", "", { "os": "freebsd", "cpu": "x64" }, "sha512-H5YrdvJaDtI/U9/emrD4b++xkvp3y/JvOe4rizHbxvkyMfRS/CiRYdji+Pl8D0brEaNFWUh1drQxgAGIl6Xudw=="],

    "@rollup/rollup-linux-arm-gnueabihf": ["@rollup/rollup-linux-arm-gnueabihf@4.61.1", "", { "os": "linux", "cpu": "arm" }, "sha512-Q8CBCCQtDFrYtXoeUXSrnFXKOnyUhx6bz+SkL6A0E7V8kAiCJ5pamq1WtbfpVGhR5TSpXY6ak3avmDc5fHTyJA=="],

    "@rollup/rollup-linux-arm-musleabihf": ["@rollup/rollup-linux-arm-musleabihf@4.61.1", "", { "os": "linux", "cpu": "arm" }, "sha512-nwnhk1581l0FBVellGcVCAT0Oi06onEA3WB53sf01VO3I0UPBkMH9sXONYME2K0ovXcNayJfNtHfm6mpJElatQ=="],

    "@rollup/rollup-linux-arm64-gnu": ["@rollup/rollup-linux-arm64-gnu@4.61.1", "", { "os": "linux", "cpu": "arm64" }, "sha512-x5Xr49hwt3hdW75UOZm3395YwwzPyauktslv29KpWL/T+vVAzoT3azLcTWv0eMciBNrx+DYjH4paehHoLpPvpg=="],

    "@rollup/rollup-linux-arm64-musl": ["@rollup/rollup-linux-arm64-musl@4.61.1", "", { "os": "linux", "cpu": "arm64" }, "sha512-unMS3H73DpaoPyyEVPjGKleM/s0mkmsauTENpw4INQY8y4+IuLNjkueQ5QCtC0D3N38Y38yhAU8OoZ20S2Tm6w=="],

    "@rollup/rollup-linux-loong64-gnu": ["@rollup/rollup-linux-loong64-gnu@4.61.1", "", { "os": "linux", "cpu": "none" }, "sha512-zNZzGRnAhwjFEYmvphJRV5XaQGjs62cCmeYYHUT//NbvEnHauw+I85nGG+SiVg5ld4GX8D1IbKIX+ozITQnhMQ=="],

    "@rollup/rollup-linux-loong64-musl": ["@rollup/rollup-linux-loong64-musl@4.61.1", "", { "os": "linux", "cpu": "none" }, "sha512-LdpWGL8X209B2SIvWjqlc8VZgM6PKfontSerGepuldQmHYrAOtnMCXeJkxXGbC+PPZVOuu5czJo7fNV6aeW8rQ=="],

    "@rollup/rollup-linux-ppc64-gnu": ["@rollup/rollup-linux-ppc64-gnu@4.61.1", "", { "os": "linux", "cpu": "ppc64" }, "sha512-EC5kTtNaNGOmbMGqar8dvJy6y/hg99GAwjfBz++pxZhQATXGcRjd6c5en5wcbru0vkRmiMGsQKdMJOOf6sza4g=="],

    "@rollup/rollup-linux-ppc64-musl": ["@rollup/rollup-linux-ppc64-musl@4.61.1", "", { "os": "linux", "cpu": "ppc64" }, "sha512-8hiwp6D4acEcNK78I4rP0/XtS1sknWIAMJBPdR4l6zUtyTm5KiTDr5bXmWt4foY7nAN7AThDHgkLIEZOWKbzWw=="],

    "@rollup/rollup-linux-riscv64-gnu": ["@rollup/rollup-linux-riscv64-gnu@4.61.1", "", { "os": "linux", "cpu": "none" }, "sha512-10dh/h/BqA7DuMPWSxkR8uks18FRwnwOEqr5zOTEl+NOwP/OMzKX8OFR/Of9xxDA7D5qef1Nzar5WDD2kCCr1g=="],

    "@rollup/rollup-linux-riscv64-musl": ["@rollup/rollup-linux-riscv64-musl@4.61.1", "", { "os": "linux", "cpu": "none" }, "sha512-YKJ5lg35DP17gcAOggnihe+APw9HLyj1Xn7gsmGumBJAUDa6NGXNixJzmkWLhcK9TOuuyQjdamzvJefkO7qHZQ=="],

    "@rollup/rollup-linux-s390x-gnu": ["@rollup/rollup-linux-s390x-gnu@4.61.1", "", { "os": "linux", "cpu": "s390x" }, "sha512-Mlil5G2Jj6a7B3LWGctg+XPL9vdXYuzCtNXfxOQ0nPjc2m6ueUktocPGH9bnAM0bNRKb/bAWTujUU7IJQdQA+g=="],

    "@rollup/rollup-linux-x64-gnu": ["@rollup/rollup-linux-x64-gnu@4.61.1", "", { "os": "linux", "cpu": "x64" }, "sha512-bVWIOIk6pV01p4CdUbPP7CJ/434z+OooYjDuFcR+44N35YvKUC66G8MGnvcWx5mWKW3g61J+t74l3Kj15Kwn2Q=="],

    "@rollup/rollup-linux-x64-musl": ["@rollup/rollup-linux-x64-musl@4.61.1", "", { "os": "linux", "cpu": "x64" }, "sha512-qy5pBvZbqNFheBz61R1rzsezjm0J7O2oNGoWtGoY89SZYLUfxAJTBAqDChqAIdB4rCiIbi9nF7yZ83GnNiLwSw=="],

    "@rollup/rollup-openbsd-x64": ["@rollup/rollup-openbsd-x64@4.61.1", "", { "os": "openbsd", "cpu": "x64" }, "sha512-E83TXjI4zm0+5f2qO+UOudaCYIhYwpJ5jq6YCZNIZ+6CbfhKrkAGezeiASBL9ElxAxFsRS9ZhESv8mfnj6TKeg=="],

    "@rollup/rollup-openharmony-arm64": ["@rollup/rollup-openharmony-arm64@4.61.1", "", { "os": "none", "cpu": "arm64" }, "sha512-fbWnKqVkjrJN38vNe3ahkbk6iejS/3b0Nt7EEtPpE6RBacZcGXNKbzfHN3GUUlXOPghUg0j6XUGrtjX9z1sIvA=="],

    "@rollup/rollup-win32-arm64-msvc": ["@rollup/rollup-win32-arm64-msvc@4.61.1", "", { "os": "win32", "cpu": "arm64" }, "sha512-ArMl38iVAbk0New1ogihQNY6iphLi4ZaRsa037gUzv5yeKPY8TD3Dmy4x2RNC1VztU/uqm+G+/RwFrSka3Oy2g=="],

    "@rollup/rollup-win32-ia32-msvc": ["@rollup/rollup-win32-ia32-msvc@4.61.1", "", { "os": "win32", "cpu": "ia32" }, "sha512-0mYtjHS9ucAbcATycCNK9IGBk/cCe/ma7EmSLGZdsxnOA8cjRIyU04wDpVAD9NiOfLUR9KTxdiO53uOkherqjQ=="],

    "@rollup/rollup-win32-x64-gnu": ["@rollup/rollup-win32-x64-gnu@4.61.1", "", { "os": "win32", "cpu": "x64" }, "sha512-gK1iCEPfpoSG9wfBihXxvBMi8ZfcWffYkEsC/Eih+iFENTaewvNcrEQ69lIOWYO5pePHKLHHO7nq5AILGO/HQQ=="],

    "@rollup/rollup-win32-x64-msvc": ["@rollup/rollup-win32-x64-msvc@4.61.1", "", { "os": "win32", "cpu": "x64" }, "sha512-X+zaP2x+j4RXGfbp/seSoRHWnPxzApilDszisZxbYH5C/jTxFhCtDNdPGZb9lJyYPs24wGxruPF7Y+sIXt9Gzw=="],

    "@terrazzo/cli": ["@terrazzo/cli@2.0.0-beta.6", "", { "dependencies": { "@clack/prompts": "^1.0.1", "@hono/node-server": "^1.19.9", "@humanwhocodes/momoa": "^3.3.10", "@terrazzo/json-schema-tools": "^0.2.0", "@terrazzo/parser": "^2.0.0-beta.6", "@terrazzo/token-tools": "^2.0.0-beta.6", "chokidar": "^5.0.0", "detect-package-manager": "^3.0.2", "dtcg-examples": "^1.0.3", "escodegen": "^2.1.0", "merge-anything": "^5.1.7", "meriyah": "^7.1.0", "mime": "^4.1.0", "picocolors": "^1.1.1", "scule": "^1.3.0", "vite": "^7.3.1", "vite-node": "^5.3.0", "yaml-to-momoa": "0.0.8" }, "bin": { "tz": "bin/cli.js", "terrazzo": "bin/cli.js" } }, "sha512-u+EM8yYWB1svvrBtOhGobctIf6ZXcrYq5WsMCE18CY6g0WBUxDk39M6DnK/qoFVXw87QhJnoYUj75cYo6Ml0rg=="],

    "@terrazzo/json-schema-tools": ["@terrazzo/json-schema-tools@0.2.1", "", { "peerDependencies": { "@humanwhocodes/momoa": "^3.0.0", "yaml-to-momoa": "0.0.9" }, "optionalPeers": ["yaml-to-momoa"] }, "sha512-hJPz/huIuYCbXmTV6TU9PNl8BeFFoSQVXfB2oHf7fiY1rymrfMfoFJAQ0IErVoisuBR0DdYquTlQkY/cnz+vEQ=="],

    "@terrazzo/parser": ["@terrazzo/parser@2.2.0", "", { "dependencies": { "@humanwhocodes/momoa": "^3.3.10", "@terrazzo/json-schema-tools": "^0.2.1", "@terrazzo/token-tools": "^2.2.0", "@types/babel__code-frame": "^7.27.0", "colorjs.io": "^0.6.1", "fast-deep-equal": "^3.1.3", "merge-anything": "^5.1.7", "picocolors": "^1.1.1", "scule": "^1.3.0" }, "peerDependencies": { "yaml-to-momoa": "0.0.9" }, "optionalPeers": ["yaml-to-momoa"] }, "sha512-k+qmVzFmyYDmgYvlhE8L8yKqc1qAwkkn6MXSjuQzw/Pki7NmbeAhRNykaQXymH+nfpVrj7dWAT42bWDaNeAsxA=="],

    "@terrazzo/plugin-css": ["@terrazzo/plugin-css@2.0.0-beta.6", "", { "dependencies": { "@terrazzo/token-tools": "^2.0.0-beta.6" }, "peerDependencies": { "@terrazzo/cli": "^2.0.0-beta.6", "@terrazzo/parser": "^2.0.0-beta.6" } }, "sha512-c+7BLu1psHdHzoGXKYlBoNSryxqsQonsOXJ2Yn5YHuTD0TaLM+2C78kg1w7JxpypeDV2vonX1mcKHiZHB6zXeQ=="],

    "@terrazzo/token-tools": ["@terrazzo/token-tools@2.2.0", "", { "dependencies": { "@humanwhocodes/momoa": "^3.3.10", "colorjs.io": "^0.6.1", "wildcard-match": "^5.1.4" } }, "sha512-KxGPgYmcSONPYMMeu7u4RsdIXbLXh2vEjyKzC3uuBCQybw2hDGNIG9IncFfMLfdKwfiMBaaRbRTnYjylPwsclQ=="],

    "@types/babel__code-frame": ["@types/babel__code-frame@7.27.0", "", {}, "sha512-Dwlo+LrxDx/0SpfmJ/BKveHf7QXWvLBLc+x03l5sbzykj3oB9nHygCpSECF1a+s+QIxbghe+KHqC90vGtxLRAA=="],

    "@types/bun": ["@types/bun@1.3.14", "", { "dependencies": { "bun-types": "1.3.14" } }, "sha512-h1hFqFVcvAvD9j9K7ZW7vd82aSA+rTdznZa+5bwvCwqSB1jmmfLcbIWhOLx1/+boy/xmjgCs/OMUL8hRJSmnPw=="],

    "@types/estree": ["@types/estree@1.0.9", "", {}, "sha512-GhdPgy1el4/ImP05X05Uw4cw2/M93BCUmnEvWZNStlCzEKME4Fkk+YpoA5OiHNQmoS7Cafb8Xa3Pya8m1Qrzeg=="],

    "@types/node": ["@types/node@25.2.3", "", { "dependencies": { "undici-types": "~7.16.0" } }, "sha512-m0jEgYlYz+mDJZ2+F4v8D1AyQb+QzsNqRuI7xg1VQX/KlKS0qT9r1Mo16yo5F/MtifXFgaofIFsdFMox2SxIbQ=="],

    "@varde/css": ["@varde/css@workspace:packages/css"],

    "@varde/docs": ["@varde/docs@workspace:docs"],

    "@varde/static": ["@varde/static@workspace:packages/static"],

    "@varde/tokens": ["@varde/tokens@workspace:packages/tokens"],

    "bun-types": ["bun-types@1.3.14", "", { "dependencies": { "@types/node": "*" } }, "sha512-4N0ig0fEomHt5R0KCFWjovxow98rIoRwKolrYdCcknNwMekCXRnWEUvgu5soYV8QXtVsrUD8B95MBOZGPvr6KQ=="],

    "cac": ["cac@6.7.14", "", {}, "sha512-b6Ilus+c3RrdDk+JhLKUAQfzzgLEPy6wcXqS7f/xe1EETvsDP6GORG7SFuOs6cID5YkqchW/LXZbX5bc8j7ZcQ=="],

    "chokidar": ["chokidar@5.0.0", "", { "dependencies": { "readdirp": "^5.0.0" } }, "sha512-TQMmc3w+5AxjpL8iIiwebF73dRDF4fBIieAqGn9RGCWaEVwQ6Fb2cGe31Yns0RRIzii5goJ1Y7xbMwo1TxMplw=="],

    "colorjs.io": ["colorjs.io@0.6.1", "", {}, "sha512-8lyR2wHzuIykCpqHKgluGsqQi5iDm3/a2IgP2GBZrasn2sBRkE4NOGsglZxWLs/jZQoNkmA/KM/8NV16rLUdBg=="],

    "cross-spawn": ["cross-spawn@7.0.6", "", { "dependencies": { "path-key": "^3.1.0", "shebang-command": "^2.0.0", "which": "^2.0.1" } }, "sha512-uV2QOWP2nWzsy2aMp8aRibhi9dlzF5Hgh5SHaB9OiTGEyDTiJJyx0uy51QXdyWbtAHNua4XJzUKca3OzKUd3vA=="],

    "detect-libc": ["detect-libc@2.1.2", "", {}, "sha512-Btj2BOOO83o3WyH59e8MgXsxEQVcarkUOpEYrubB0urwnN10yQ364rsiByU11nZlqWYZm05i/of7io4mzihBtQ=="],

    "detect-package-manager": ["detect-package-manager@3.0.2", "", { "dependencies": { "execa": "^5.1.1" } }, "sha512-8JFjJHutStYrfWwzfretQoyNGoZVW1Fsrp4JO9spa7h/fBfwgTMEIy4/LBzRDGsxwVPHU0q+T9YvwLDJoOApLQ=="],

    "dtcg-examples": ["dtcg-examples@1.0.3", "", {}, "sha512-gKHpa3kLAYDP8g36sDtjG6oLQHrxfSYm5HW97QIwo4C6d0XnhU5H+N2q0j++uSMuCAxAu17JUG6Q6T5e2T6N0g=="],

    "es-module-lexer": ["es-module-lexer@2.1.0", "", {}, "sha512-n27zTYMjYu1aj4MjCWzSP7G9r75utsaoc8m61weK+W8JMBGGQybd43GstCXZ3WNmSFtGT9wi59qQTW6mhTR5LQ=="],

    "esbuild": ["esbuild@0.27.7", "", { "optionalDependencies": { "@esbuild/aix-ppc64": "0.27.7", "@esbuild/android-arm": "0.27.7", "@esbuild/android-arm64": "0.27.7", "@esbuild/android-x64": "0.27.7", "@esbuild/darwin-arm64": "0.27.7", "@esbuild/darwin-x64": "0.27.7", "@esbuild/freebsd-arm64": "0.27.7", "@esbuild/freebsd-x64": "0.27.7", "@esbuild/linux-arm": "0.27.7", "@esbuild/linux-arm64": "0.27.7", "@esbuild/linux-ia32": "0.27.7", "@esbuild/linux-loong64": "0.27.7", "@esbuild/linux-mips64el": "0.27.7", "@esbuild/linux-ppc64": "0.27.7", "@esbuild/linux-riscv64": "0.27.7", "@esbuild/linux-s390x": "0.27.7", "@esbuild/linux-x64": "0.27.7", "@esbuild/netbsd-arm64": "0.27.7", "@esbuild/netbsd-x64": "0.27.7", "@esbuild/openbsd-arm64": "0.27.7", "@esbuild/openbsd-x64": "0.27.7", "@esbuild/openharmony-arm64": "0.27.7", "@esbuild/sunos-x64": "0.27.7", "@esbuild/win32-arm64": "0.27.7", "@esbuild/win32-ia32": "0.27.7", "@esbuild/win32-x64": "0.27.7" }, "bin": { "esbuild": "bin/esbuild" } }, "sha512-IxpibTjyVnmrIQo5aqNpCgoACA/dTKLTlhMHihVHhdkxKyPO1uBBthumT0rdHmcsk9uMonIWS0m4FljWzILh3w=="],

    "escodegen": ["escodegen@2.1.0", "", { "dependencies": { "esprima": "^4.0.1", "estraverse": "^5.2.0", "esutils": "^2.0.2" }, "optionalDependencies": { "source-map": "~0.6.1" }, "bin": { "esgenerate": "bin/esgenerate.js", "escodegen": "bin/escodegen.js" } }, "sha512-2NlIDTwUWJN0mRPQOdtQBzbUHvdGY2P1VXSyU83Q3xKxM7WHX2Ql8dKq782Q9TgQUNOLEzEYu9bzLNj1q88I5w=="],

    "esprima": ["esprima@4.0.1", "", { "bin": { "esparse": "./bin/esparse.js", "esvalidate": "./bin/esvalidate.js" } }, "sha512-eGuFFw7Upda+g4p+QHvnW0RyTX/SVeJBDM/gCtMARO0cLuT2HcEKnTPvhjV6aGeqrCB/sbNop0Kszm0jsaWU4A=="],

    "estraverse": ["estraverse@5.3.0", "", {}, "sha512-MMdARuVEQziNTeJD8DgMqmhwR11BRQ/cBP+pLtYdSTnf3MIO8fFeiINEbX36ZdNlfU/7A9f3gUw49B3oQsvwBA=="],

    "esutils": ["esutils@2.0.3", "", {}, "sha512-kVscqXk4OCp68SZ0dkgEKVi6/8ij300KBWTJq32P/dYeWTSwK41WyTxalN1eRmA5Z9UU/LX9D7FWSmV9SAYx6g=="],

    "execa": ["execa@5.1.1", "", { "dependencies": { "cross-spawn": "^7.0.3", "get-stream": "^6.0.0", "human-signals": "^2.1.0", "is-stream": "^2.0.0", "merge-stream": "^2.0.0", "npm-run-path": "^4.0.1", "onetime": "^5.1.2", "signal-exit": "^3.0.3", "strip-final-newline": "^2.0.0" } }, "sha512-8uSpZZocAZRBAPIEINJj3Lo9HyGitllczc27Eh5YYojjMFMn8yHMDMaUHE2Jqfq05D/wucwI4JGURyXt1vchyg=="],

    "fast-deep-equal": ["fast-deep-equal@3.1.3", "", {}, "sha512-f3qQ9oQy9j2AhBe/H9VC91wLmKBCCU/gDOnKNAYG5hswO7BLKj09Hc5HYNz9cGI++xlpDCIgDaitVs03ATR84Q=="],

    "fast-string-truncated-width": ["fast-string-truncated-width@3.0.3", "", {}, "sha512-0jjjIEL6+0jag3l2XWWizO64/aZVtpiGE3t0Zgqxv0DPuxiMjvB3M24fCyhZUO4KomJQPj3LTSUnDP3GpdwC0g=="],

    "fast-string-width": ["fast-string-width@3.0.2", "", { "dependencies": { "fast-string-truncated-width": "^3.0.2" } }, "sha512-gX8LrtNEI5hq8DVUfRQMbr5lpaS4nMIWV+7XEbXk2b8kiQIizgnlr12B4dA3ZEx3308ze0O4Q1R+cHts8kyUJg=="],

    "fast-wrap-ansi": ["fast-wrap-ansi@0.2.2", "", { "dependencies": { "fast-string-width": "^3.0.2" } }, "sha512-7F2Fl+TjRSenLqlU3UjSH0iyqopqoZIu7eZVpEirP2g1GtWa2G/ecEmBdgz31+Mxr+ELclgg6sokpSFIQiZ02Q=="],

    "fdir": ["fdir@6.5.0", "", { "peerDependencies": { "picomatch": "^3 || ^4" }, "optionalPeers": ["picomatch"] }, "sha512-tIbYtZbucOs0BRGqPJkshJUYdL+SDH7dVM8gjy+ERp3WAUjLEFJE+02kanyHtwjWOnwrKYBiwAmM0p4kLJAnXg=="],

    "fsevents": ["fsevents@2.3.3", "", { "os": "darwin" }, "sha512-5xoDfX+fL7faATnagmWPpbFtwh/R77WmMMqqHGS65C3vvB0YHrgF+B1YmZ3441tMj5n63k0212XNoJwzlhffQw=="],

    "get-stream": ["get-stream@6.0.1", "", {}, "sha512-ts6Wi+2j3jQjqi70w5AlN8DFnkSwC+MqmxEzdEALB2qXZYV3X/b1CTfgPLGJNMeAWxdPfU8FO1ms3NUfaHCPYg=="],

    "hono": ["hono@4.12.23", "", {}, "sha512-eIaZ9qDgu7XV0pxOCrg7/WhnQ6Ivm22UcxhXx/A3dcbqbbYgBEkc6e/J/s7j2tS96zoB0S9VBdLwQNCWwUo4LA=="],

    "human-signals": ["human-signals@2.1.0", "", {}, "sha512-B4FFZ6q/T2jhhksgkbEW3HBvWIfDW85snkQgawt07S7J5QXTk6BkNV+0yAeZrM5QpMAdYlocGoljn0sJ/WQkFw=="],

    "is-stream": ["is-stream@2.0.1", "", {}, "sha512-hFoiJiTl63nn+kstHGBtewWSKnQLpyb155KHheA1l39uvtO9nWIop1p3udqPcUd/xbF1VLMO4n7OI6p7RbngDg=="],

    "is-what": ["is-what@4.1.16", "", {}, "sha512-ZhMwEosbFJkA0YhFnNDgTM4ZxDRsS6HqTo7qsZM08fehyRYIYa0yHu5R6mgo1n/8MgaPBXiPimPD77baVFYg+A=="],

    "isexe": ["isexe@2.0.0", "", {}, "sha512-RHxMLp9lnKHGHRng9QFhRCMbYAcVpn69smSGcq3f36xjgVVWThj4qqLbTLlq7Ssj8B+fIQ1EuCEGI2lKsyQeIw=="],

    "lightningcss": ["lightningcss@1.32.0", "", { "dependencies": { "detect-libc": "^2.0.3" }, "optionalDependencies": { "lightningcss-android-arm64": "1.32.0", "lightningcss-darwin-arm64": "1.32.0", "lightningcss-darwin-x64": "1.32.0", "lightningcss-freebsd-x64": "1.32.0", "lightningcss-linux-arm-gnueabihf": "1.32.0", "lightningcss-linux-arm64-gnu": "1.32.0", "lightningcss-linux-arm64-musl": "1.32.0", "lightningcss-linux-x64-gnu": "1.32.0", "lightningcss-linux-x64-musl": "1.32.0", "lightningcss-win32-arm64-msvc": "1.32.0", "lightningcss-win32-x64-msvc": "1.32.0" } }, "sha512-NXYBzinNrblfraPGyrbPoD19C1h9lfI/1mzgWYvXUTe414Gz/X1FD2XBZSZM7rRTrMA8JL3OtAaGifrIKhQ5yQ=="],

    "lightningcss-android-arm64": ["lightningcss-android-arm64@1.32.0", "", { "os": "android", "cpu": "arm64" }, "sha512-YK7/ClTt4kAK0vo6w3X+Pnm0D2cf2vPHbhOXdoNti1Ga0al1P4TBZhwjATvjNwLEBCnKvjJc2jQgHXH0NEwlAg=="],

    "lightningcss-darwin-arm64": ["lightningcss-darwin-arm64@1.32.0", "", { "os": "darwin", "cpu": "arm64" }, "sha512-RzeG9Ju5bag2Bv1/lwlVJvBE3q6TtXskdZLLCyfg5pt+HLz9BqlICO7LZM7VHNTTn/5PRhHFBSjk5lc4cmscPQ=="],

    "lightningcss-darwin-x64": ["lightningcss-darwin-x64@1.32.0", "", { "os": "darwin", "cpu": "x64" }, "sha512-U+QsBp2m/s2wqpUYT/6wnlagdZbtZdndSmut/NJqlCcMLTWp5muCrID+K5UJ6jqD2BFshejCYXniPDbNh73V8w=="],

    "lightningcss-freebsd-x64": ["lightningcss-freebsd-x64@1.32.0", "", { "os": "freebsd", "cpu": "x64" }, "sha512-JCTigedEksZk3tHTTthnMdVfGf61Fky8Ji2E4YjUTEQX14xiy/lTzXnu1vwiZe3bYe0q+SpsSH/CTeDXK6WHig=="],

    "lightningcss-linux-arm-gnueabihf": ["lightningcss-linux-arm-gnueabihf@1.32.0", "", { "os": "linux", "cpu": "arm" }, "sha512-x6rnnpRa2GL0zQOkt6rts3YDPzduLpWvwAF6EMhXFVZXD4tPrBkEFqzGowzCsIWsPjqSK+tyNEODUBXeeVHSkw=="],

    "lightningcss-linux-arm64-gnu": ["lightningcss-linux-arm64-gnu@1.32.0", "", { "os": "linux", "cpu": "arm64" }, "sha512-0nnMyoyOLRJXfbMOilaSRcLH3Jw5z9HDNGfT/gwCPgaDjnx0i8w7vBzFLFR1f6CMLKF8gVbebmkUN3fa/kQJpQ=="],

    "lightningcss-linux-arm64-musl": ["lightningcss-linux-arm64-musl@1.32.0", "", { "os": "linux", "cpu": "arm64" }, "sha512-UpQkoenr4UJEzgVIYpI80lDFvRmPVg6oqboNHfoH4CQIfNA+HOrZ7Mo7KZP02dC6LjghPQJeBsvXhJod/wnIBg=="],

    "lightningcss-linux-x64-gnu": ["lightningcss-linux-x64-gnu@1.32.0", "", { "os": "linux", "cpu": "x64" }, "sha512-V7Qr52IhZmdKPVr+Vtw8o+WLsQJYCTd8loIfpDaMRWGUZfBOYEJeyJIkqGIDMZPwPx24pUMfwSxxI8phr/MbOA=="],

    "lightningcss-linux-x64-musl": ["lightningcss-linux-x64-musl@1.32.0", "", { "os": "linux", "cpu": "x64" }, "sha512-bYcLp+Vb0awsiXg/80uCRezCYHNg1/l3mt0gzHnWV9XP1W5sKa5/TCdGWaR/zBM2PeF/HbsQv/j2URNOiVuxWg=="],

    "lightningcss-win32-arm64-msvc": ["lightningcss-win32-arm64-msvc@1.32.0", "", { "os": "win32", "cpu": "arm64" }, "sha512-8SbC8BR40pS6baCM8sbtYDSwEVQd4JlFTOlaD3gWGHfThTcABnNDBda6eTZeqbofalIJhFx0qKzgHJmcPTnGdw=="],

    "lightningcss-win32-x64-msvc": ["lightningcss-win32-x64-msvc@1.32.0", "", { "os": "win32", "cpu": "x64" }, "sha512-Amq9B/SoZYdDi1kFrojnoqPLxYhQ4Wo5XiL8EVJrVsB8ARoC1PWW6VGtT0WKCemjy8aC+louJnjS7U18x3b06Q=="],

    "merge-anything": ["merge-anything@5.1.7", "", { "dependencies": { "is-what": "^4.1.8" } }, "sha512-eRtbOb1N5iyH0tkQDAoQ4Ipsp/5qSR79Dzrz8hEPxRX10RWWR/iQXdoKmBSRCThY1Fh5EhISDtpSc93fpxUniQ=="],

    "merge-stream": ["merge-stream@2.0.0", "", {}, "sha512-abv/qOcuPfk3URPfDzmZU1LKmuw8kT+0nIHvKrKgFrwifol/doWcdA4ZqsWQ8ENrFKkd67Mfpo/LovbIUsbt3w=="],

    "meriyah": ["meriyah@7.1.0", "", {}, "sha512-4K/lV+RFSrM8vy9H58FSd+wrxrXlPhYOK8AOaNQ7iFaHugYRx4tHIAaRYLMtXx/spMByZ4S080di6lXSTDI9eg=="],

    "mime": ["mime@4.1.0", "", { "bin": { "mime": "bin/cli.js" } }, "sha512-X5ju04+cAzsojXKes0B/S4tcYtFAJ6tTMuSPBEn9CPGlrWr8Fiw7qYeLT0XyH80HSoAoqWCaz+MWKh22P7G1cw=="],

    "mimic-fn": ["mimic-fn@2.1.0", "", {}, "sha512-OqbOk5oEQeAZ8WXWydlu9HJjz9WVdEIvamMCcXmuqUYjTknH/sqsWvhQ3vgwKFRR1HpjvNBKQ37nbJgYzGqGcg=="],

    "nanoid": ["nanoid@3.3.12", "", { "bin": { "nanoid": "bin/nanoid.cjs" } }, "sha512-ZB9RH/39qpq5Vu6Y+NmUaFhQR6pp+M2Xt76XBnEwDaGcVAqhlvxrl3B2bKS5D3NH3QR76v3aSrKaF/Kiy7lEtQ=="],

    "npm-run-path": ["npm-run-path@4.0.1", "", { "dependencies": { "path-key": "^3.0.0" } }, "sha512-S48WzZW777zhNIrn7gxOlISNAqi9ZC/uQFnRdbeIHhZhCA6UqpkOT8T1G7BvfdgP4Er8gF4sUbaS0i7QvIfCWw=="],

    "obug": ["obug@2.1.2", "", {}, "sha512-AWGB9WFcRXOQs48Z/udjI5ZcZMHXwX8XPByNpOydgcGsDLIzjGizhoMWJyKAWze7AVW/2W1i+/gPX4YtKe5cyg=="],

    "onetime": ["onetime@5.1.2", "", { "dependencies": { "mimic-fn": "^2.1.0" } }, "sha512-kbpaSSGJTWdAY5KPVeMOKXSrPtr8C8C7wodJbcsd51jRnmD+GZu8Y0VoU6Dm5Z4vWr0Ig/1NKuWRKf7j5aaYSg=="],

    "path-key": ["path-key@3.1.1", "", {}, "sha512-ojmeN0qd+y0jszEtoY48r0Peq5dwMEkIlCOu6Q5f41lfkswXuKtYrhgoTpLnyIcHm24Uhqx+5Tqm2InSwLhE6Q=="],

    "pathe": ["pathe@2.0.3", "", {}, "sha512-WUjGcAqP1gQacoQe+OBJsFA7Ld4DyXuUIjZ5cc75cLHvJ7dtNsTugphxIADwspS+AraAUePCKrSVtPLFj/F88w=="],

    "picocolors": ["picocolors@1.1.1", "", {}, "sha512-xceH2snhtb5M9liqDsmEw56le376mTZkEX/jEb/RxNFyegNul7eNslCXP9FDj/Lcu0X8KEyMceP2ntpaHrDEVA=="],

    "picomatch": ["picomatch@4.0.4", "", {}, "sha512-QP88BAKvMam/3NxH6vj2o21R6MjxZUAd6nlwAS/pnGvN9IVLocLHxGYIzFhg6fUQ+5th6P4dv4eW9jX3DSIj7A=="],

    "postcss": ["postcss@8.5.15", "", { "dependencies": { "nanoid": "^3.3.12", "picocolors": "^1.1.1", "source-map-js": "^1.2.1" } }, "sha512-FfR8sjd4em2T6fb3I2MwAJU7HWVMr9zba+enmQeeWFfCbm+UOC/0X4DS8XtpUTMwWMGbjKYP7xjfNekzyGmB3A=="],

    "readdirp": ["readdirp@5.0.0", "", {}, "sha512-9u/XQ1pvrQtYyMpZe7DXKv2p5CNvyVwzUB6uhLAnQwHMSgKMBR62lc7AHljaeteeHXn11XTAaLLUVZYVZyuRBQ=="],

    "rollup": ["rollup@4.61.1", "", { "dependencies": { "@types/estree": "1.0.9" }, "optionalDependencies": { "@rollup/rollup-android-arm-eabi": "4.61.1", "@rollup/rollup-android-arm64": "4.61.1", "@rollup/rollup-darwin-arm64": "4.61.1", "@rollup/rollup-darwin-x64": "4.61.1", "@rollup/rollup-freebsd-arm64": "4.61.1", "@rollup/rollup-freebsd-x64": "4.61.1", "@rollup/rollup-linux-arm-gnueabihf": "4.61.1", "@rollup/rollup-linux-arm-musleabihf": "4.61.1", "@rollup/rollup-linux-arm64-gnu": "4.61.1", "@rollup/rollup-linux-arm64-musl": "4.61.1", "@rollup/rollup-linux-loong64-gnu": "4.61.1", "@rollup/rollup-linux-loong64-musl": "4.61.1", "@rollup/rollup-linux-ppc64-gnu": "4.61.1", "@rollup/rollup-linux-ppc64-musl": "4.61.1", "@rollup/rollup-linux-riscv64-gnu": "4.61.1", "@rollup/rollup-linux-riscv64-musl": "4.61.1", "@rollup/rollup-linux-s390x-gnu": "4.61.1", "@rollup/rollup-linux-x64-gnu": "4.61.1", "@rollup/rollup-linux-x64-musl": "4.61.1", "@rollup/rollup-openbsd-x64": "4.61.1", "@rollup/rollup-openharmony-arm64": "4.61.1", "@rollup/rollup-win32-arm64-msvc": "4.61.1", "@rollup/rollup-win32-ia32-msvc": "4.61.1", "@rollup/rollup-win32-x64-gnu": "4.61.1", "@rollup/rollup-win32-x64-msvc": "4.61.1", "fsevents": "~2.3.2" }, "bin": { "rollup": "dist/bin/rollup" } }, "sha512-I4KW6iuRpuu2uHBLraZ1wNZe0DP7lnRha+VJ9tNaYVaVgKhW0aI3h4RYnoRPeql0flHm/Co55b7snEDcOfOJrA=="],

    "scule": ["scule@1.3.0", "", {}, "sha512-6FtHJEvt+pVMIB9IBY+IcCJ6Z5f1iQnytgyfKMhDKgmzYG+TeH/wx1y3l27rshSbLiSanrR9ffZDrEsmjlQF2g=="],

    "shebang-command": ["shebang-command@2.0.0", "", { "dependencies": { "shebang-regex": "^3.0.0" } }, "sha512-kHxr2zZpYtdmrN1qDjrrX/Z1rR1kG8Dx+gkpK1G4eXmvXswmcE1hTWBWYUzlraYw1/yZp6YuDY77YtvbN0dmDA=="],

    "shebang-regex": ["shebang-regex@3.0.0", "", {}, "sha512-7++dFhtcx3353uBaq8DDR4NuxBetBzC7ZQOhmTQInHEd6bSrXdiEyzCvG07Z44UYdLShWUyXt5M/yhz8ekcb1A=="],

    "signal-exit": ["signal-exit@3.0.7", "", {}, "sha512-wnD2ZE+l+SPC/uoS0vXeE9L1+0wuaMqKlfz9AMUo38JsyLSBWSFcHR1Rri62LZc12vLr1gb3jl7iwQhgwpAbGQ=="],

    "sisteransi": ["sisteransi@1.0.5", "", {}, "sha512-bLGGlR1QxBcynn2d5YmDX4MGjlZvy2MRBDRNHLJ8VI6l6+9FUiyTFNJ0IveOSP0bcXgVDPRcfGqA0pjaqUpfVg=="],

    "source-map": ["source-map@0.6.1", "", {}, "sha512-UjgapumWlbMhkBgzT7Ykc5YXUT46F0iKu8SGXq0bcwP5dz/h0Plj6enJqjz1Zbq2l5WaqYnrVbwWOWMyF3F47g=="],

    "source-map-js": ["source-map-js@1.2.1", "", {}, "sha512-UXWMKhLOwVKb728IUtQPXxfYU+usdybtUrK/8uGE8CQMvrhOpwvzDBwj0QhSL7MQc7vIsISBG8VQ8+IDQxpfQA=="],

    "strip-final-newline": ["strip-final-newline@2.0.0", "", {}, "sha512-BrpvfNAE3dcvq7ll3xVumzjKjZQ5tI1sEUIKr3Uoks0XUl45St3FlatVqef9prk4jRDzhW6WZg+3bk93y6pLjA=="],

    "tinyglobby": ["tinyglobby@0.2.17", "", { "dependencies": { "fdir": "^6.5.0", "picomatch": "^4.0.4" } }, "sha512-wXR/dYpcqKmfWpEdZjiKJOwCNFndD0DMnrW/cYjVGttEkBfVgcLFHoNrlj47mjOVic9yyNu65alsgF4NQyTa2g=="],

    "typescript": ["typescript@5.9.3", "", { "bin": { "tsc": "bin/tsc", "tsserver": "bin/tsserver" } }, "sha512-jl1vZzPDinLr9eUt3J/t7V6FgNEw9QjvBPdysz9KfQDD41fQrC2Y4vKQdiaUpFT4bXlb1RHhLpp8wtm6M5TgSw=="],

    "undici-types": ["undici-types@7.16.0", "", {}, "sha512-Zz+aZWSj8LE6zoxD+xrjh4VfkIG8Ya6LvYkZqtUQGJPZjYl53ypCaUwWqo7eI0x66KBGeRo+mlBEkMSeSZ38Nw=="],

    "vite": ["vite@7.3.5", "", { "dependencies": { "esbuild": "^0.27.0", "fdir": "^6.5.0", "picomatch": "^4.0.3", "postcss": "^8.5.6", "rollup": "^4.43.0", "tinyglobby": "^0.2.15" }, "optionalDependencies": { "fsevents": "~2.3.3" }, "peerDependencies": { "@types/node": "^20.19.0 || >=22.12.0", "jiti": ">=1.21.0", "less": "^4.0.0", "lightningcss": "^1.21.0", "sass": "^1.70.0", "sass-embedded": "^1.70.0", "stylus": ">=0.54.8", "sugarss": "^5.0.0", "terser": "^5.16.0", "tsx": "^4.8.1", "yaml": "^2.4.2" }, "optionalPeers": ["@types/node", "jiti", "less", "lightningcss", "sass", "sass-embedded", "stylus", "sugarss", "terser", "tsx", "yaml"], "bin": { "vite": "bin/vite.js" } }, "sha512-KuOaNhcnGFN2zIPGA7wRmzF+lJA1sea7rHq17aiJ++9lzY1WWG6Jpwqwe1KNbRVPIqHmr8GLYx7jbrQcN/7/ww=="],

    "vite-node": ["vite-node@5.3.0", "", { "dependencies": { "cac": "^6.7.14", "es-module-lexer": "^2.0.0", "obug": "^2.1.1", "pathe": "^2.0.3", "vite": "^7.3.1" }, "bin": { "vite-node": "dist/cli.mjs" } }, "sha512-8f20COPYJujc3OKPX6OuyBy3ZIv2det4eRRU4GY1y2MjbeGSUmPjedxg1b72KnTagCofwvZ65ThzjxDW2AtQFQ=="],

    "which": ["which@2.0.2", "", { "dependencies": { "isexe": "^2.0.0" }, "bin": { "node-which": "./bin/node-which" } }, "sha512-BLI3Tl1TW3Pvl70l3yq3Y64i+awpwXqsGBYWkkqMtnbXgrMD+yj7rhW0kuEDxzJaYXGjEW5ogapKNMEKNMjibA=="],

    "wildcard-match": ["wildcard-match@5.1.4", "", {}, "sha512-wldeCaczs8XXq7hj+5d/F38JE2r7EXgb6WQDM84RVwxy81T/sxB5e9+uZLK9Q9oNz1mlvjut+QtvgaOQFPVq/g=="],

    "yaml": ["yaml@2.9.0", "", { "bin": { "yaml": "bin.mjs" } }, "sha512-2AvhNX3mb8zd6Zy7INTtSpl1F15HW6Wnqj0srWlkKLcpYl/gMIMJiyuGq2KeI2YFxUPjdlB+3Lc10seMLtL4cA=="],

    "yaml-to-momoa": ["yaml-to-momoa@0.0.8", "", { "dependencies": { "@humanwhocodes/momoa": "^3.3.10", "yaml": "^2.8.1" } }, "sha512-ukog7yNG9jM/2lwG9RFnAYabuVl9wCqudfnXKsk1jkVIImPfS6JizmXNHqq7ansuJtWQN95sAP8m1PfoCOuLsQ=="],

    "@varde/css/@biomejs/biome": ["@biomejs/biome@2.4.3", "", { "optionalDependencies": { "@biomejs/cli-darwin-arm64": "2.4.3", "@biomejs/cli-darwin-x64": "2.4.3", "@biomejs/cli-linux-arm64": "2.4.3", "@biomejs/cli-linux-arm64-musl": "2.4.3", "@biomejs/cli-linux-x64": "2.4.3", "@biomejs/cli-linux-x64-musl": "2.4.3", "@biomejs/cli-win32-arm64": "2.4.3", "@biomejs/cli-win32-x64": "2.4.3" }, "bin": { "biome": "bin/biome" } }, "sha512-cBrjf6PNF6yfL8+kcNl85AjiK2YHNsbU0EvDOwiZjBPbMbQ5QcgVGFpjD0O52p8nec5O8NYw7PKw3xUR7fPAkQ=="],

    "@varde/tokens/@biomejs/biome": ["@biomejs/biome@2.4.3", "", { "optionalDependencies": { "@biomejs/cli-darwin-arm64": "2.4.3", "@biomejs/cli-darwin-x64": "2.4.3", "@biomejs/cli-linux-arm64": "2.4.3", "@biomejs/cli-linux-arm64-musl": "2.4.3", "@biomejs/cli-linux-x64": "2.4.3", "@biomejs/cli-linux-x64-musl": "2.4.3", "@biomejs/cli-win32-arm64": "2.4.3", "@biomejs/cli-win32-x64": "2.4.3" }, "bin": { "biome": "bin/biome" } }, "sha512-cBrjf6PNF6yfL8+kcNl85AjiK2YHNsbU0EvDOwiZjBPbMbQ5QcgVGFpjD0O52p8nec5O8NYw7PKw3xUR7fPAkQ=="],

    "@varde/css/@biomejs/biome/@biomejs/cli-darwin-arm64": ["@biomejs/cli-darwin-arm64@2.4.3", "", { "os": "darwin", "cpu": "arm64" }, "sha512-eOafSFlI/CF4id2tlwq9CVHgeEqvTL5SrhWff6ZORp6S3NL65zdsR3ugybItkgF8Pf4D9GSgtbB6sE3UNgOM9w=="],

    "@varde/css/@biomejs/biome/@biomejs/cli-darwin-x64": ["@biomejs/cli-darwin-x64@2.4.3", "", { "os": "darwin", "cpu": "x64" }, "sha512-V2+av4ilbWcBMNufTtMMXVW00nPwyIjI5qf7n9wSvUaZ+tt0EvMGk46g9sAFDJBEDOzSyoRXiSP6pCvKTOEbPA=="],

    "@varde/css/@biomejs/biome/@biomejs/cli-linux-arm64": ["@biomejs/cli-linux-arm64@2.4.3", "", { "os": "linux", "cpu": "arm64" }, "sha512-0m+O0x9FgK99FAwDK+fiDtjs2wnqq7bvfj17KJVeCkTwT/liI+Q9njJG7lwXK0iSJVXeFNRIxukpVI3SifMYAA=="],

    "@varde/css/@biomejs/biome/@biomejs/cli-linux-arm64-musl": ["@biomejs/cli-linux-arm64-musl@2.4.3", "", { "os": "linux", "cpu": "arm64" }, "sha512-QuFzvsGo8BA4Xm7jGX5idkw6BqFblcCPySMTvq0AhGYnhUej5VJIDJbmTKfHqwjHepZiC4fA+T5i6wmiZolZNw=="],

    "@varde/css/@biomejs/biome/@biomejs/cli-linux-x64": ["@biomejs/cli-linux-x64@2.4.3", "", { "os": "linux", "cpu": "x64" }, "sha512-NVqh0saIU0u5OfOp/0jFdlKRE59+XyMvWmtx0f6Nm/2OpdxBl04coRIftBbY9d1gfu+23JVv4CItAqPYrjYh5w=="],

    "@varde/css/@biomejs/biome/@biomejs/cli-linux-x64-musl": ["@biomejs/cli-linux-x64-musl@2.4.3", "", { "os": "linux", "cpu": "x64" }, "sha512-qEc0OCpj/uytruQ4wLM0yWNJLZy0Up8H1Er5MW3SrstqM6J2d4XqdNA86xzCy8MQCHpoVZ3lFye3GBlIL4/ljw=="],

    "@varde/css/@biomejs/biome/@biomejs/cli-win32-arm64": ["@biomejs/cli-win32-arm64@2.4.3", "", { "os": "win32", "cpu": "arm64" }, "sha512-gRO96vrIARilv/Cp2ZnmNNL5LSZg3RO75GPp13hsLO3N4YVpE7saaMDp2bcyV48y2N2Pbit1brkGVGta0yd6VQ=="],

    "@varde/css/@biomejs/biome/@biomejs/cli-win32-x64": ["@biomejs/cli-win32-x64@2.4.3", "", { "os": "win32", "cpu": "x64" }, "sha512-vSm/vOJe06pf14aGHfHl3Ar91Nlx4YYmohElDJ+17UbRwe99n987S/MhAlQOkONqf1utJor04ChkCPmKb8SWdw=="],

    "@varde/tokens/@biomejs/biome/@biomejs/cli-darwin-arm64": ["@biomejs/cli-darwin-arm64@2.4.3", "", { "os": "darwin", "cpu": "arm64" }, "sha512-eOafSFlI/CF4id2tlwq9CVHgeEqvTL5SrhWff6ZORp6S3NL65zdsR3ugybItkgF8Pf4D9GSgtbB6sE3UNgOM9w=="],

    "@varde/tokens/@biomejs/biome/@biomejs/cli-darwin-x64": ["@biomejs/cli-darwin-x64@2.4.3", "", { "os": "darwin", "cpu": "x64" }, "sha512-V2+av4ilbWcBMNufTtMMXVW00nPwyIjI5qf7n9wSvUaZ+tt0EvMGk46g9sAFDJBEDOzSyoRXiSP6pCvKTOEbPA=="],

    "@varde/tokens/@biomejs/biome/@biomejs/cli-linux-arm64": ["@biomejs/cli-linux-arm64@2.4.3", "", { "os": "linux", "cpu": "arm64" }, "sha512-0m+O0x9FgK99FAwDK+fiDtjs2wnqq7bvfj17KJVeCkTwT/liI+Q9njJG7lwXK0iSJVXeFNRIxukpVI3SifMYAA=="],

    "@varde/tokens/@biomejs/biome/@biomejs/cli-linux-arm64-musl": ["@biomejs/cli-linux-arm64-musl@2.4.3", "", { "os": "linux", "cpu": "arm64" }, "sha512-QuFzvsGo8BA4Xm7jGX5idkw6BqFblcCPySMTvq0AhGYnhUej5VJIDJbmTKfHqwjHepZiC4fA+T5i6wmiZolZNw=="],

    "@varde/tokens/@biomejs/biome/@biomejs/cli-linux-x64": ["@biomejs/cli-linux-x64@2.4.3", "", { "os": "linux", "cpu": "x64" }, "sha512-NVqh0saIU0u5OfOp/0jFdlKRE59+XyMvWmtx0f6Nm/2OpdxBl04coRIftBbY9d1gfu+23JVv4CItAqPYrjYh5w=="],

    "@varde/tokens/@biomejs/biome/@biomejs/cli-linux-x64-musl": ["@biomejs/cli-linux-x64-musl@2.4.3", "", { "os": "linux", "cpu": "x64" }, "sha512-qEc0OCpj/uytruQ4wLM0yWNJLZy0Up8H1Er5MW3SrstqM6J2d4XqdNA86xzCy8MQCHpoVZ3lFye3GBlIL4/ljw=="],

    "@varde/tokens/@biomejs/biome/@biomejs/cli-win32-arm64": ["@biomejs/cli-win32-arm64@2.4.3", "", { "os": "win32", "cpu": "arm64" }, "sha512-gRO96vrIARilv/Cp2ZnmNNL5LSZg3RO75GPp13hsLO3N4YVpE7saaMDp2bcyV48y2N2Pbit1brkGVGta0yd6VQ=="],

    "@varde/tokens/@biomejs/biome/@biomejs/cli-win32-x64": ["@biomejs/cli-win32-x64@2.4.3", "", { "os": "win32", "cpu": "x64" }, "sha512-vSm/vOJe06pf14aGHfHl3Ar91Nlx4YYmohElDJ+17UbRwe99n987S/MhAlQOkONqf1utJor04ChkCPmKb8SWdw=="],
  }
}
